// !$*UTF8*$!
{
	archiveVersion = 1;
	classes = {
	};
	objectVersion = 56;
	objects = {

/* Begin PBXBuildFile section */
		90B5F0C12AA632240024D61B /* XplungerApp.swift in Sources */ = {isa = PBXBuildFile; fileRef = 90B5F0C02AA632240024D61B /* XplungerApp.swift */; };
		90B5F0C32AA632240024D61B /* AppMenu.swift in Sources */ = {isa = PBXBuildFile; fileRef = 90B5F0C22AA632240024D61B /* AppMenu.swift */; };
		90B5F0C52AA632250024D61B /* Assets.xcassets in Resources */ = {isa = PBXBuildFile; fileRef = 90B5F0C42AA632250024D61B /* Assets.xcassets */; };
		90B5F0C82AA632250024D61B /* Preview Assets.xcassets in Resources */ = {isa = PBXBuildFile; fileRef = 90B5F0C72AA632250024D61B /* Preview Assets.xcassets */; };
		90B5F0D32AA632250024D61B /* XplungerTests.swift in Sources */ = {isa = PBXBuildFile; fileRef = 90B5F0D22AA632250024D61B /* XplungerTests.swift */; };
		90B5F0DD2AA632250024D61B /* XplungerUITests.swift in Sources */ = {isa = PBXBuildFile; fileRef = 90B5F0DC2AA632250024D61B /* XplungerUITests.swift */; };
		90B5F0DF2AA632250024D61B /* XplungerUITestsLaunchTests.swift in Sources */ = {isa = PBXBuildFile; fileRef = 90B5F0DE2AA632250024D61B /* XplungerUITestsLaunchTests.swift */; };
		90B5F0F12AA63CB70024D61B /* AppCoordinator.swift in Sources */ = {isa = PBXBuildFile; fileRef = 90B5F0F02AA63CB70024D61B /* AppCoordinator.swift */; };
		90B5F0F62AA640020024D61B /* Shell.swift in Sources */ = {isa = PBXBuildFile; fileRef = 90B5F0F52AA640020024D61B /* Shell.swift */; };
		90E004D02AAA321900631408 /* Spacing.swift in Sources */ = {isa = PBXBuildFile; fileRef = 90E004CF2AAA321900631408 /* Spacing.swift */; };
		90E004D22AAA333300631408 /* EdgeInsets+Helpers.swift in Sources */ = {isa = PBXBuildFile; fileRef = 90E004D12AAA333300631408 /* EdgeInsets+Helpers.swift */; };
		90F316EA2AA78B6C00930B81 /* MenuRow.swift in Sources */ = {isa = PBXBuildFile; fileRef = 90F316E92AA78B6B00930B81 /* MenuRow.swift */; };
		90F316ED2AA78BBC00930B81 /* View+Extensions.swift in Sources */ = {isa = PBXBuildFile; fileRef = 90F316EC2AA78BBC00930B81 /* View+Extensions.swift */; };
		90F316EF2AA78E9A00930B81 /* View+Hover.swift in Sources */ = {isa = PBXBuildFile; fileRef = 90F316EE2AA78E9A00930B81 /* View+Hover.swift */; };
		90F316F12AA7B72B00930B81 /* View+ShortcutLabel.swift in Sources */ = {isa = PBXBuildFile; fileRef = 90F316F02AA7B72B00930B81 /* View+ShortcutLabel.swift */; };
		90F316F32AA7C38100930B81 /* ExpandableView.swift in Sources */ = {isa = PBXBuildFile; fileRef = 90F316F22AA7C38100930B81 /* ExpandableView.swift */; };
/* End PBXBuildFile section */

/* Begin PBXContainerItemProxy section */
		90B5F0CF2AA632250024D61B /* PBXContainerItemProxy */ = {
			isa = PBXContainerItemProxy;
			containerPortal = 90B5F0B52AA632240024D61B /* Project object */;
			proxyType = 1;
			remoteGlobalIDString = 90B5F0BC2AA632240024D61B;
			remoteInfo = Xplunger;
		};
		90B5F0D92AA632250024D61B /* PBXContainerItemProxy */ = {
			isa = PBXContainerItemProxy;
			containerPortal = 90B5F0B52AA632240024D61B /* Project object */;
			proxyType = 1;
			remoteGlobalIDString = 90B5F0BC2AA632240024D61B;
			remoteInfo = Xplunger;
		};
/* End PBXContainerItemProxy section */

/* Begin PBXFileReference section */
		90B5F0BD2AA632240024D61B /* Xplunger.app */ = {isa = PBXFileReference; explicitFileType = wrapper.application; includeInIndex = 0; path = Xplunger.app; sourceTree = BUILT_PRODUCTS_DIR; };
		90B5F0C02AA632240024D61B /* XplungerApp.swift */ = {isa = PBXFileReference; lastKnownFileType = sourcecode.swift; path = XplungerApp.swift; sourceTree = "<group>"; };
		90B5F0C22AA632240024D61B /* AppMenu.swift */ = {isa = PBXFileReference; lastKnownFileType = sourcecode.swift; path = AppMenu.swift; sourceTree = "<group>"; };
		90B5F0C42AA632250024D61B /* Assets.xcassets */ = {isa = PBXFileReference; lastKnownFileType = folder.assetcatalog; path = Assets.xcassets; sourceTree = "<group>"; };
		90B5F0C72AA632250024D61B /* Preview Assets.xcassets */ = {isa = PBXFileReference; lastKnownFileType = folder.assetcatalog; path = "Preview Assets.xcassets"; sourceTree = "<group>"; };
		90B5F0C92AA632250024D61B /* Xplunger.entitlements */ = {isa = PBXFileReference; lastKnownFileType = text.plist.entitlements; path = Xplunger.entitlements; sourceTree = "<group>"; };
		90B5F0CE2AA632250024D61B /* XplungerTests.xctest */ = {isa = PBXFileReference; explicitFileType = wrapper.cfbundle; includeInIndex = 0; path = XplungerTests.xctest; sourceTree = BUILT_PRODUCTS_DIR; };
		90B5F0D22AA632250024D61B /* XplungerTests.swift */ = {isa = PBXFileReference; lastKnownFileType = sourcecode.swift; path = XplungerTests.swift; sourceTree = "<group>"; };
		90B5F0D82AA632250024D61B /* XplungerUITests.xctest */ = {isa = PBXFileReference; explicitFileType = wrapper.cfbundle; includeInIndex = 0; path = XplungerUITests.xctest; sourceTree = BUILT_PRODUCTS_DIR; };
		90B5F0DC2AA632250024D61B /* XplungerUITests.swift */ = {isa = PBXFileReference; lastKnownFileType = sourcecode.swift; path = XplungerUITests.swift; sourceTree = "<group>"; };
		90B5F0DE2AA632250024D61B /* XplungerUITestsLaunchTests.swift */ = {isa = PBXFileReference; lastKnownFileType = sourcecode.swift; path = XplungerUITestsLaunchTests.swift; sourceTree = "<group>"; };
		90B5F0F02AA63CB70024D61B /* AppCoordinator.swift */ = {isa = PBXFileReference; lastKnownFileType = sourcecode.swift; path = AppCoordinator.swift; sourceTree = "<group>"; };
		90B5F0F52AA640020024D61B /* Shell.swift */ = {isa = PBXFileReference; lastKnownFileType = sourcecode.swift; path = Shell.swift; sourceTree = "<group>"; };
		90E004CF2AAA321900631408 /* Spacing.swift */ = {isa = PBXFileReference; lastKnownFileType = sourcecode.swift; path = Spacing.swift; sourceTree = "<group>"; };
		90E004D12AAA333300631408 /* EdgeInsets+Helpers.swift */ = {isa = PBXFileReference; lastKnownFileType = sourcecode.swift; path = "EdgeInsets+Helpers.swift"; sourceTree = "<group>"; };
		90E004D32AAA422B00631408 /* README.md */ = {isa = PBXFileReference; lastKnownFileType = net.daringfireball.markdown; path = README.md; sourceTree = "<group>"; };
		90F316E92AA78B6B00930B81 /* MenuRow.swift */ = {isa = PBXFileReference; lastKnownFileType = sourcecode.swift; path = MenuRow.swift; sourceTree = "<group>"; };
		90F316EC2AA78BBC00930B81 /* View+Extensions.swift */ = {isa = PBXFileReference; lastKnownFileType = sourcecode.swift; path = "View+Extensions.swift"; sourceTree = "<group>"; };
		90F316EE2AA78E9A00930B81 /* View+Hover.swift */ = {isa = PBXFileReference; lastKnownFileType = sourcecode.swift; path = "View+Hover.swift"; sourceTree = "<group>"; };
		90F316F02AA7B72B00930B81 /* View+ShortcutLabel.swift */ = {isa = PBXFileReference; lastKnownFileType = sourcecode.swift; path = "View+ShortcutLabel.swift"; sourceTree = "<group>"; };
		90F316F22AA7C38100930B81 /* ExpandableView.swift */ = {isa = PBXFileReference; lastKnownFileType = sourcecode.swift; path = ExpandableView.swift; sourceTree = "<group>"; };
/* End PBXFileReference section */

/* Begin PBXFrameworksBuildPhase section */
		90B5F0BA2AA632240024D61B /* Frameworks */ = {
			isa = PBXFrameworksBuildPhase;
			buildActionMask = 2147483647;
			files = (
			);
			runOnlyForDeploymentPostprocessing = 0;
		};
		90B5F0CB2AA632250024D61B /* Frameworks */ = {
			isa = PBXFrameworksBuildPhase;
			buildActionMask = 2147483647;
			files = (
			);
			runOnlyForDeploymentPostprocessing = 0;
		};
		90B5F0D52AA632250024D61B /* Frameworks */ = {
			isa = PBXFrameworksBuildPhase;
			buildActionMask = 2147483647;
			files = (
			);
			runOnlyForDeploymentPostprocessing = 0;
		};
/* End PBXFrameworksBuildPhase section */

/* Begin PBXGroup section */
		90B5F0B42AA632240024D61B = {
			isa = PBXGroup;
			children = (
				90E004D32AAA422B00631408 /* README.md */,
				90B5F0BF2AA632240024D61B /* Xplunger */,
				90B5F0BE2AA632240024D61B /* Products */,
			);
			sourceTree = "<group>";
		};
		90B5F0BE2AA632240024D61B /* Products */ = {
			isa = PBXGroup;
			children = (
				90B5F0BD2AA632240024D61B /* Xplunger.app */,
				90B5F0CE2AA632250024D61B /* XplungerTests.xctest */,
				90B5F0D82AA632250024D61B /* XplungerUITests.xctest */,
			);
			name = Products;
			sourceTree = "<group>";
		};
		90B5F0BF2AA632240024D61B /* Xplunger */ = {
			isa = PBXGroup;
			children = (
				90B5F0EB2AA632350024D61B /* Sources */,
				90B5F0EC2AA632420024D61B /* Resources */,
				90B5F0ED2AA632530024D61B /* Tests */,
			);
			path = Xplunger;
			sourceTree = "<group>";
		};
		90B5F0C62AA632250024D61B /* Preview Content */ = {
			isa = PBXGroup;
			children = (
				90B5F0C72AA632250024D61B /* Preview Assets.xcassets */,
			);
			path = "Preview Content";
			sourceTree = "<group>";
		};
		90B5F0D12AA632250024D61B /* UnitTest */ = {
			isa = PBXGroup;
			children = (
				90B5F0D22AA632250024D61B /* XplungerTests.swift */,
			);
			path = UnitTest;
			sourceTree = "<group>";
		};
		90B5F0DB2AA632250024D61B /* UITests */ = {
			isa = PBXGroup;
			children = (
				90B5F0DC2AA632250024D61B /* XplungerUITests.swift */,
				90B5F0DE2AA632250024D61B /* XplungerUITestsLaunchTests.swift */,
			);
			path = UITests;
			sourceTree = "<group>";
		};
		90B5F0EB2AA632350024D61B /* Sources */ = {
			isa = PBXGroup;
			children = (
				90B5F0EE2AA639280024D61B /* App */,
				90F316E52AA78B3700930B81 /* AppMenu */,
				90B5F0F22AA63F130024D61B /* Core */,
				90F316EB2AA78BA000930B81 /* UI */,
			);
			path = Sources;
			sourceTree = "<group>";
		};
		90B5F0EC2AA632420024D61B /* Resources */ = {
			isa = PBXGroup;
			children = (
				90B5F0C42AA632250024D61B /* Assets.xcassets */,
				90B5F0C92AA632250024D61B /* Xplunger.entitlements */,
				90B5F0C62AA632250024D61B /* Preview Content */,
			);
			path = Resources;
			sourceTree = "<group>";
		};
		90B5F0ED2AA632530024D61B /* Tests */ = {
			isa = PBXGroup;
			children = (
				90B5F0D12AA632250024D61B /* UnitTest */,
				90B5F0DB2AA632250024D61B /* UITests */,
			);
			path = Tests;
			sourceTree = "<group>";
		};
		90B5F0EE2AA639280024D61B /* App */ = {
			isa = PBXGroup;
			children = (
				90B5F0C02AA632240024D61B /* XplungerApp.swift */,
			);
			path = App;
			sourceTree = "<group>";
		};
		90B5F0F22AA63F130024D61B /* Core */ = {
			isa = PBXGroup;
			children = (
				90B5F0F52AA640020024D61B /* Shell.swift */,
			);
			path = Core;
			sourceTree = "<group>";
		};
		90E004CC2AAA31F400631408 /* Components */ = {
			isa = PBXGroup;
			children = (
				90F316E92AA78B6B00930B81 /* MenuRow.swift */,
				90F316F22AA7C38100930B81 /* ExpandableView.swift */,
			);
			path = Components;
			sourceTree = "<group>";
		};
		90E004CD2AAA31FE00631408 /* Extensions */ = {
			isa = PBXGroup;
			children = (
				90E004D12AAA333300631408 /* EdgeInsets+Helpers.swift */,
				90F316EC2AA78BBC00930B81 /* View+Extensions.swift */,
				90F316EE2AA78E9A00930B81 /* View+Hover.swift */,
				90F316F02AA7B72B00930B81 /* View+ShortcutLabel.swift */,
			);
			path = Extensions;
			sourceTree = "<group>";
		};
		90E004CE2AAA320C00631408 /* Styles */ = {
			isa = PBXGroup;
			children = (
				90E004CF2AAA321900631408 /* Spacing.swift */,
			);
			path = Styles;
			sourceTree = "<group>";
		};
		90F316E52AA78B3700930B81 /* AppMenu */ = {
			isa = PBXGroup;
			children = (
				90B5F0C22AA632240024D61B /* AppMenu.swift */,
				90B5F0F02AA63CB70024D61B /* AppCoordinator.swift */,
			);
			path = AppMenu;
			sourceTree = "<group>";
		};
		90F316EB2AA78BA000930B81 /* UI */ = {
			isa = PBXGroup;
			children = (
				90E004CE2AAA320C00631408 /* Styles */,
				90E004CC2AAA31F400631408 /* Components */,
				90E004CD2AAA31FE00631408 /* Extensions */,
			);
			path = UI;
			sourceTree = "<group>";
		};
/* End PBXGroup section */

/* Begin PBXNativeTarget section */
		90B5F0BC2AA632240024D61B /* Xplunger */ = {
			isa = PBXNativeTarget;
			buildConfigurationList = 90B5F0E22AA632250024D61B /* Build configuration list for PBXNativeTarget "Xplunger" */;
			buildPhases = (
				90B5F0B92AA632240024D61B /* Sources */,
				90B5F0BA2AA632240024D61B /* Frameworks */,
				90B5F0BB2AA632240024D61B /* Resources */,
			);
			buildRules = (
			);
			dependencies = (
			);
			name = Xplunger;
			productName = Xplunger;
			productReference = 90B5F0BD2AA632240024D61B /* Xplunger.app */;
			productType = "com.apple.product-type.application";
		};
		90B5F0CD2AA632250024D61B /* XplungerTests */ = {
			isa = PBXNativeTarget;
			buildConfigurationList = 90B5F0E52AA632250024D61B /* Build configuration list for PBXNativeTarget "XplungerTests" */;
			buildPhases = (
				90B5F0CA2AA632250024D61B /* Sources */,
				90B5F0CB2AA632250024D61B /* Frameworks */,
				90B5F0CC2AA632250024D61B /* Resources */,
			);
			buildRules = (
			);
			dependencies = (
				90B5F0D02AA632250024D61B /* PBXTargetDependency */,
			);
			name = XplungerTests;
			productName = XplungerTests;
			productReference = 90B5F0CE2AA632250024D61B /* XplungerTests.xctest */;
			productType = "com.apple.product-type.bundle.unit-test";
		};
		90B5F0D72AA632250024D61B /* XplungerUITests */ = {
			isa = PBXNativeTarget;
			buildConfigurationList = 90B5F0E82AA632250024D61B /* Build configuration list for PBXNativeTarget "XplungerUITests" */;
			buildPhases = (
				90B5F0D42AA632250024D61B /* Sources */,
				90B5F0D52AA632250024D61B /* Frameworks */,
				90B5F0D62AA632250024D61B /* Resources */,
			);
			buildRules = (
			);
			dependencies = (
				90B5F0DA2AA632250024D61B /* PBXTargetDependency */,
			);
			name = XplungerUITests;
			productName = XplungerUITests;
			productReference = 90B5F0D82AA632250024D61B /* XplungerUITests.xctest */;
			productType = "com.apple.product-type.bundle.ui-testing";
		};
/* End PBXNativeTarget section */

/* Begin PBXProject section */
		90B5F0B52AA632240024D61B /* Project object */ = {
			isa = PBXProject;
			attributes = {
				BuildIndependentTargetsInParallel = 1;
				LastSwiftUpdateCheck = 1430;
				LastUpgradeCheck = 1430;
				TargetAttributes = {
					90B5F0BC2AA632240024D61B = {
						CreatedOnToolsVersion = 14.3.1;
					};
					90B5F0CD2AA632250024D61B = {
						CreatedOnToolsVersion = 14.3.1;
						TestTargetID = 90B5F0BC2AA632240024D61B;
					};
					90B5F0D72AA632250024D61B = {
						CreatedOnToolsVersion = 14.3.1;
						TestTargetID = 90B5F0BC2AA632240024D61B;
					};
				};
			};
			buildConfigurationList = 90B5F0B82AA632240024D61B /* Build configuration list for PBXProject "Xplunger" */;
			compatibilityVersion = "Xcode 14.0";
			developmentRegion = en;
			hasScannedForEncodings = 0;
			knownRegions = (
				en,
				Base,
			);
			mainGroup = 90B5F0B42AA632240024D61B;
			productRefGroup = 90B5F0BE2AA632240024D61B /* Products */;
			projectDirPath = "";
			projectRoot = "";
			targets = (
				90B5F0BC2AA632240024D61B /* Xplunger */,
				90B5F0CD2AA632250024D61B /* XplungerTests */,
				90B5F0D72AA632250024D61B /* XplungerUITests */,
			);
		};
/* End PBXProject section */

/* Begin PBXResourcesBuildPhase section */
		90B5F0BB2AA632240024D61B /* Resources */ = {
			isa = PBXResourcesBuildPhase;
			buildActionMask = 2147483647;
			files = (
				90B5F0C82AA632250024D61B /* Preview Assets.xcassets in Resources */,
				90B5F0C52AA632250024D61B /* Assets.xcassets in Resources */,
			);
			runOnlyForDeploymentPostprocessing = 0;
		};
		90B5F0CC2AA632250024D61B /* Resources */ = {
			isa = PBXResourcesBuildPhase;
			buildActionMask = 2147483647;
			files = (
			);
			runOnlyForDeploymentPostprocessing = 0;
		};
		90B5F0D62AA632250024D61B /* Resources */ = {
			isa = PBXResourcesBuildPhase;
			buildActionMask = 2147483647;
			files = (
			);
			runOnlyForDeploymentPostprocessing = 0;
		};
/* End PBXResourcesBuildPhase section */

/* Begin PBXSourcesBuildPhase section */
		90B5F0B92AA632240024D61B /* Sources */ = {
			isa = PBXSourcesBuildPhase;
			buildActionMask = 2147483647;
			files = (
				90F316F12AA7B72B00930B81 /* View+ShortcutLabel.swift in Sources */,
				90F316F32AA7C38100930B81 /* ExpandableView.swift in Sources */,
				90B5F0C32AA632240024D61B /* AppMenu.swift in Sources */,
				90B5F0F62AA640020024D61B /* Shell.swift in Sources */,
				90F316ED2AA78BBC00930B81 /* View+Extensions.swift in Sources */,
				90B5F0F12AA63CB70024D61B /* AppCoordinator.swift in Sources */,
				90F316EF2AA78E9A00930B81 /* View+Hover.swift in Sources */,
				90E004D22AAA333300631408 /* EdgeInsets+Helpers.swift in Sources */,
				90B5F0C12AA632240024D61B /* XplungerApp.swift in Sources */,
				90F316EA2AA78B6C00930B81 /* MenuRow.swift in Sources */,
				90E004D02AAA321900631408 /* Spacing.swift in Sources */,
			);
			runOnlyForDeploymentPostprocessing = 0;
		};
		90B5F0CA2AA632250024D61B /* Sources */ = {
			isa = PBXSourcesBuildPhase;
			buildActionMask = 2147483647;
			files = (
				90B5F0D32AA632250024D61B /* XplungerTests.swift in Sources */,
			);
			runOnlyForDeploymentPostprocessing = 0;
		};
		90B5F0D42AA632250024D61B /* Sources */ = {
			isa = PBXSourcesBuildPhase;
			buildActionMask = 2147483647;
			files = (
				90B5F0DF2AA632250024D61B /* XplungerUITestsLaunchTests.swift in Sources */,
				90B5F0DD2AA632250024D61B /* XplungerUITests.swift in Sources */,
			);
			runOnlyForDeploymentPostprocessing = 0;
		};
/* End PBXSourcesBuildPhase section */

/* Begin PBXTargetDependency section */
		90B5F0D02AA632250024D61B /* PBXTargetDependency */ = {
			isa = PBXTargetDependency;
			target = 90B5F0BC2AA632240024D61B /* Xplunger */;
			targetProxy = 90B5F0CF2AA632250024D61B /* PBXContainerItemProxy */;
		};
		90B5F0DA2AA632250024D61B /* PBXTargetDependency */ = {
			isa = PBXTargetDependency;
			target = 90B5F0BC2AA632240024D61B /* Xplunger */;
			targetProxy = 90B5F0D92AA632250024D61B /* PBXContainerItemProxy */;
		};
/* End PBXTargetDependency section */

/* Begin XCBuildConfiguration section */
		90B5F0E02AA632250024D61B /* Debug */ = {
			isa = XCBuildConfiguration;
			buildSettings = {
				ALWAYS_SEARCH_USER_PATHS = NO;
				CLANG_ANALYZER_NONNULL = YES;
				CLANG_ANALYZER_NUMBER_OBJECT_CONVERSION = YES_AGGRESSIVE;
				CLANG_CXX_LANGUAGE_STANDARD = "gnu++20";
				CLANG_ENABLE_MODULES = YES;
				CLANG_ENABLE_OBJC_ARC = YES;
				CLANG_ENABLE_OBJC_WEAK = YES;
				CLANG_WARN_BLOCK_CAPTURE_AUTORELEASING = YES;
				CLANG_WARN_BOOL_CONVERSION = YES;
				CLANG_WARN_COMMA = YES;
				CLANG_WARN_CONSTANT_CONVERSION = YES;
				CLANG_WARN_DEPRECATED_OBJC_IMPLEMENTATIONS = YES;
				CLANG_WARN_DIRECT_OBJC_ISA_USAGE = YES_ERROR;
				CLANG_WARN_DOCUMENTATION_COMMENTS = YES;
				CLANG_WARN_EMPTY_BODY = YES;
				CLANG_WARN_ENUM_CONVERSION = YES;
				CLANG_WARN_INFINITE_RECURSION = YES;
				CLANG_WARN_INT_CONVERSION = YES;
				CLANG_WARN_NON_LITERAL_NULL_CONVERSION = YES;
				CLANG_WARN_OBJC_IMPLICIT_RETAIN_SELF = YES;
				CLANG_WARN_OBJC_LITERAL_CONVERSION = YES;
				CLANG_WARN_OBJC_ROOT_CLASS = YES_ERROR;
				CLANG_WARN_QUOTED_INCLUDE_IN_FRAMEWORK_HEADER = YES;
				CLANG_WARN_RANGE_LOOP_ANALYSIS = YES;
				CLANG_WARN_STRICT_PROTOTYPES = YES;
				CLANG_WARN_SUSPICIOUS_MOVE = YES;
				CLANG_WARN_UNGUARDED_AVAILABILITY = YES_AGGRESSIVE;
				CLANG_WARN_UNREACHABLE_CODE = YES;
				CLANG_WARN__DUPLICATE_METHOD_MATCH = YES;
				COPY_PHASE_STRIP = NO;
				DEBUG_INFORMATION_FORMAT = dwarf;
				ENABLE_STRICT_OBJC_MSGSEND = YES;
				ENABLE_TESTABILITY = YES;
				GCC_C_LANGUAGE_STANDARD = gnu11;
				GCC_DYNAMIC_NO_PIC = NO;
				GCC_NO_COMMON_BLOCKS = YES;
				GCC_OPTIMIZATION_LEVEL = 0;
				GCC_PREPROCESSOR_DEFINITIONS = (
					"DEBUG=1",
					"$(inherited)",
				);
				GCC_WARN_64_TO_32_BIT_CONVERSION = YES;
				GCC_WARN_ABOUT_RETURN_TYPE = YES_ERROR;
				GCC_WARN_UNDECLARED_SELECTOR = YES;
				GCC_WARN_UNINITIALIZED_AUTOS = YES_AGGRESSIVE;
				GCC_WARN_UNUSED_FUNCTION = YES;
				GCC_WARN_UNUSED_VARIABLE = YES;
				MACOSX_DEPLOYMENT_TARGET = 13.3;
				MTL_ENABLE_DEBUG_INFO = INCLUDE_SOURCE;
				MTL_FAST_MATH = YES;
				ONLY_ACTIVE_ARCH = YES;
				SDKROOT = macosx;
				SWIFT_ACTIVE_COMPILATION_CONDITIONS = DEBUG;
				SWIFT_OPTIMIZATION_LEVEL = "-Onone";
			};
			name = Debug;
		};
		90B5F0E12AA632250024D61B /* Release */ = {
			isa = XCBuildConfiguration;
			buildSettings = {
				ALWAYS_SEARCH_USER_PATHS = NO;
				CLANG_ANALYZER_NONNULL = YES;
				CLANG_ANALYZER_NUMBER_OBJECT_CONVERSION = YES_AGGRESSIVE;
				CLANG_CXX_LANGUAGE_STANDARD = "gnu++20";
				CLANG_ENABLE_MODULES = YES;
				CLANG_ENABLE_OBJC_ARC = YES;
				CLANG_ENABLE_OBJC_WEAK = YES;
				CLANG_WARN_BLOCK_CAPTURE_AUTORELEASING = YES;
				CLANG_WARN_BOOL_CONVERSION = YES;
				CLANG_WARN_COMMA = YES;
				CLANG_WARN_CONSTANT_CONVERSION = YES;
				CLANG_WARN_DEPRECATED_OBJC_IMPLEMENTATIONS = YES;
				CLANG_WARN_DIRECT_OBJC_ISA_USAGE = YES_ERROR;
				CLANG_WARN_DOCUMENTATION_COMMENTS = YES;
				CLANG_WARN_EMPTY_BODY = YES;
				CLANG_WARN_ENUM_CONVERSION = YES;
				CLANG_WARN_INFINITE_RECURSION = YES;
				CLANG_WARN_INT_CONVERSION = YES;
				CLANG_WARN_NON_LITERAL_NULL_CONVERSION = YES;
				CLANG_WARN_OBJC_IMPLICIT_RETAIN_SELF = YES;
				CLANG_WARN_OBJC_LITERAL_CONVERSION = YES;
				CLANG_WARN_OBJC_ROOT_CLASS = YES_ERROR;
				CLANG_WARN_QUOTED_INCLUDE_IN_FRAMEWORK_HEADER = YES;
				CLANG_WARN_RANGE_LOOP_ANALYSIS = YES;
				CLANG_WARN_STRICT_PROTOTYPES = YES;
				CLANG_WARN_SUSPICIOUS_MOVE = YES;
				CLANG_WARN_UNGUARDED_AVAILABILITY = YES_AGGRESSIVE;
				CLANG_WARN_UNREACHABLE_CODE = YES;
				CLANG_WARN__DUPLICATE_METHOD_MATCH = YES;
				COPY_PHASE_STRIP = NO;
				DEBUG_INFORMATION_FORMAT = "dwarf-with-dsym";
				ENABLE_NS_ASSERTIONS = NO;
				ENABLE_STRICT_OBJC_MSGSEND = YES;
				GCC_C_LANGUAGE_STANDARD = gnu11;
				GCC_NO_COMMON_BLOCKS = YES;
				GCC_WARN_64_TO_32_BIT_CONVERSION = YES;
				GCC_WARN_ABOUT_RETURN_TYPE = YES_ERROR;
				GCC_WARN_UNDECLARED_SELECTOR = YES;
				GCC_WARN_UNINITIALIZED_AUTOS = YES_AGGRESSIVE;
				GCC_WARN_UNUSED_FUNCTION = YES;
				GCC_WARN_UNUSED_VARIABLE = YES;
				MACOSX_DEPLOYMENT_TARGET = 13.3;
				MTL_ENABLE_DEBUG_INFO = NO;
				MTL_FAST_MATH = YES;
				SDKROOT = macosx;
				SWIFT_COMPILATION_MODE = wholemodule;
				SWIFT_OPTIMIZATION_LEVEL = "-O";
			};
			name = Release;
		};
		90B5F0E32AA632250024D61B /* Debug */ = {
			isa = XCBuildConfiguration;
			buildSettings = {
				ASSETCATALOG_COMPILER_APPICON_NAME = AppIcon;
				ASSETCATALOG_COMPILER_GLOBAL_ACCENT_COLOR_NAME = AccentColor;
				CODE_SIGN_ENTITLEMENTS = Xplunger/Resources/Xplunger.entitlements;
				CODE_SIGN_STYLE = Automatic;
				COMBINE_HIDPI_IMAGES = YES;
				CURRENT_PROJECT_VERSION = 1;
				DEVELOPMENT_ASSET_PATHS = "Xplunger/Resources/Preview\\ Content";
				DEVELOPMENT_TEAM = 6LUKKGTQB5;
				ENABLE_HARDENED_RUNTIME = YES;
				ENABLE_PREVIEWS = YES;
				GENERATE_INFOPLIST_FILE = YES;
				INFOPLIST_KEY_LSApplicationCategoryType = "public.app-category.developer-tools";
				INFOPLIST_KEY_LSUIElement = YES;
				INFOPLIST_KEY_NSHumanReadableCopyright = "";
				LD_RUNPATH_SEARCH_PATHS = (
					"$(inherited)",
					"@executable_path/../Frameworks",
				);
				MARKETING_VERSION = 2023.01;
				PRODUCT_BUNDLE_IDENTIFIER = com.qeltive.dev.Xplunger;
				PRODUCT_NAME = "$(TARGET_NAME)";
				SWIFT_EMIT_LOC_STRINGS = YES;
				SWIFT_VERSION = 5.0;
			};
			name = Debug;
		};
		90B5F0E42AA632250024D61B /* Release */ = {
			isa = XCBuildConfiguration;
			buildSettings = {
				ASSETCATALOG_COMPILER_APPICON_NAME = AppIcon;
				ASSETCATALOG_COMPILER_GLOBAL_ACCENT_COLOR_NAME = AccentColor;
				CODE_SIGN_ENTITLEMENTS = Xplunger/Resources/Xplunger.entitlements;
				CODE_SIGN_STYLE = Automatic;
				COMBINE_HIDPI_IMAGES = YES;
				CURRENT_PROJECT_VERSION = 1;
				DEVELOPMENT_ASSET_PATHS = "Xplunger/Resources/Preview\\ Content";
				DEVELOPMENT_TEAM = 6LUKKGTQB5;
				ENABLE_HARDENED_RUNTIME = YES;
				ENABLE_PREVIEWS = YES;
				GENERATE_INFOPLIST_FILE = YES;
				INFOPLIST_KEY_LSApplicationCategoryType = "public.app-category.developer-tools";
				INFOPLIST_KEY_LSUIElement = YES;
				INFOPLIST_KEY_NSHumanReadableCopyright = "";
				LD_RUNPATH_SEARCH_PATHS = (
					"$(inherited)",
					"@executable_path/../Frameworks",
				);
				MARKETING_VERSION = 2023.01;
				PRODUCT_BUNDLE_IDENTIFIER = com.qeltive.dev.Xplunger;
				PRODUCT_NAME = "$(TARGET_NAME)";
				SWIFT_EMIT_LOC_STRINGS = YES;
				SWIFT_VERSION = 5.0;
			};
			name = Release;
		};
		90B5F0E62AA632250024D61B /* Debug */ = {
			isa = XCBuildConfiguration;
			buildSettings = {
				ALWAYS_EMBED_SWIFT_STANDARD_LIBRARIES = YES;
				BUNDLE_LOADER = "$(TEST_HOST)";
				CODE_SIGN_STYLE = Automatic;
				CURRENT_PROJECT_VERSION = 1;
				DEVELOPMENT_TEAM = 6LUKKGTQB5;
				GENERATE_INFOPLIST_FILE = YES;
				MACOSX_DEPLOYMENT_TARGET = 13.3;
				MARKETING_VERSION = 1.0;
				PRODUCT_BUNDLE_IDENTIFIER = com.qeltive.dev.XplungerTests;
				PRODUCT_NAME = "$(TARGET_NAME)";
				SWIFT_EMIT_LOC_STRINGS = NO;
				SWIFT_VERSION = 5.0;
				TEST_HOST = "$(BUILT_PRODUCTS_DIR)/Xplunger.app/$(BUNDLE_EXECUTABLE_FOLDER_PATH)/Xplunger";
			};
			name = Debug;
		};
		90B5F0E72AA632250024D61B /* Release */ = {
			isa = XCBuildConfiguration;
			buildSettings = {
				ALWAYS_EMBED_SWIFT_STANDARD_LIBRARIES = YES;
				BUNDLE_LOADER = "$(TEST_HOST)";
				CODE_SIGN_STYLE = Automatic;
				CURRENT_PROJECT_VERSION = 1;
				DEVELOPMENT_TEAM = 6LUKKGTQB5;
				GENERATE_INFOPLIST_FILE = YES;
				MACOSX_DEPLOYMENT_TARGET = 13.3;
				MARKETING_VERSION = 1.0;
				PRODUCT_BUNDLE_IDENTIFIER = com.qeltive.dev.XplungerTests;
				PRODUCT_NAME = "$(TARGET_NAME)";
				SWIFT_EMIT_LOC_STRINGS = NO;
				SWIFT_VERSION = 5.0;
				TEST_HOST = "$(BUILT_PRODUCTS_DIR)/Xplunger.app/$(BUNDLE_EXECUTABLE_FOLDER_PATH)/Xplunger";
			};
			name = Release;
		};
		90B5F0E92AA632250024D61B /* Debug */ = {
			isa = XCBuildConfiguration;
			buildSettings = {
				ALWAYS_EMBED_SWIFT_STANDARD_LIBRARIES = YES;
				CODE_SIGN_STYLE = Automatic;
				CURRENT_PROJECT_VERSION = 1;
				DEVELOPMENT_TEAM = 6LUKKGTQB5;
				GENERATE_INFOPLIST_FILE = YES;
				MARKETING_VERSION = 1.0;
				PRODUCT_BUNDLE_IDENTIFIER = com.qeltive.dev.XplungerUITests;
				PRODUCT_NAME = "$(TARGET_NAME)";
				SWIFT_EMIT_LOC_STRINGS = NO;
				SWIFT_VERSION = 5.0;
				TEST_TARGET_NAME = Xplunger;
			};
			name = Debug;
		};
		90B5F0EA2AA632250024D61B /* Release */ = {
			isa = XCBuildConfiguration;
			buildSettings = {
				ALWAYS_EMBED_SWIFT_STANDARD_LIBRARIES = YES;
				CODE_SIGN_STYLE = Automatic;
				CURRENT_PROJECT_VERSION = 1;
				DEVELOPMENT_TEAM = 6LUKKGTQB5;
				GENERATE_INFOPLIST_FILE = YES;
				MARKETING_VERSION = 1.0;
				PRODUCT_BUNDLE_IDENTIFIER = com.qeltive.dev.XplungerUITests;
				PRODUCT_NAME = "$(TARGET_NAME)";
				SWIFT_EMIT_LOC_STRINGS = NO;
				SWIFT_VERSION = 5.0;
				TEST_TARGET_NAME = Xplunger;
			};
			name = Release;
		};
/* End XCBuildConfiguration section */

/* Begin XCConfigurationList section */
		90B5F0B82AA632240024D61B /* Build configuration list for PBXProject "Xplunger" */ = {
			isa = XCConfigurationList;
			buildConfigurations = (
				90B5F0E02AA632250024D61B /* Debug */,
				90B5F0E12AA632250024D61B /* Release */,
			);
			defaultConfigurationIsVisible = 0;
			defaultConfigurationName = Release;
		};
		90B5F0E22AA632250024D61B /* Build configuration list for PBXNativeTarget "Xplunger" */ = {
			isa = XCConfigurationList;
			buildConfigurations = (
				90B5F0E32AA632250024D61B /* Debug */,
				90B5F0E42AA632250024D61B /* Release */,
			);
			defaultConfigurationIsVisible = 0;
			defaultConfigurationName = Release;
		};
		90B5F0E52AA632250024D61B /* Build configuration list for PBXNativeTarget "XplungerTests" */ = {
			isa = XCConfigurationList;
			buildConfigurations = (
				90B5F0E62AA632250024D61B /* Debug */,
				90B5F0E72AA632250024D61B /* Release */,
			);
			defaultConfigurationIsVisible = 0;
			defaultConfigurationName = Release;
		};
		90B5F0E82AA632250024D61B /* Build configuration list for PBXNativeTarget "XplungerUITests" */ = {
			isa = XCConfigurationList;
			buildConfigurations = (
				90B5F0E92AA632250024D61B /* Debug */,
				90B5F0EA2AA632250024D61B /* Release */,
			);
			defaultConfigurationIsVisible = 0;
			defaultConfigurationName = Release;
		};
/* End XCConfigurationList section */
	};
	rootObject = 90B5F0B52AA632240024D61B /* Project object */;
}
